
Microsoft Visual Studio Solution File, Format Version 12.00
# Visual Studio Version 16
VisualStudioVersion = 16.0.29123.88
MinimumVisualStudioVersion = 10.0.40219.1
Project("{FAE04EC0-301F-11D3-BF4B-00C04F79EFBC}") = "cw1", "cw1\cw1.csproj", "{11D7A649-6841-4FA2-B121-155DF5744F95}"
EndProject
Global
	GlobalSection(SolutionConfigurationPlatforms) = preSolution
		Debug|Any CPU = Debug|Any CPU
		Release|Any CPU = Release|Any CPU
	EndGlobalSection
	GlobalSection(ProjectConfigurationPlatforms) = postSolution
		{11D7A649-6841-4FA2-B121-155DF5744F95}.Debug|Any CPU.ActiveCfg = Debug|Any CPU
		{11D7A649-6841-4FA2-B121-155DF5744F95}.Debug|Any CPU.Build.0 = Debug|Any CPU
		{11D7A649-6841-4FA2-B121-155DF5744F95}.Release|Any CPU.ActiveCfg = Release|Any CPU
		{11D7A649-6841-4FA2-B121-155DF5744F95}.Release|Any CPU.Build.0 = Release|Any CPU
	EndGlobalSection
	GlobalSection(SolutionProperties) = preSolution
		HideSolutionNode = FALSE
	EndGlobalSection
	GlobalSection(ExtensibilityGlobals) = postSolution
		SolutionGuid = {16B8998A-3D5A-452A-967E-041B163D9AD2}
	EndGlobalSection
EndGlobal
